Microsoft Visual Studio Solution File, Format Version 11.00
# Visual Studio 2008

Project("{A822D7C9-1545-2D9C-6AFD-8C58491AE8C1}") = "Leapman", "Assembly-CSharp-firstpass.csproj", "{66FC614C-0D09-6CDE-536C-D69D4E5743A8}"
EndProject
Project("{A822D7C9-1545-2D9C-6AFD-8C58491AE8C1}") = "Leapman", "Assembly-CSharp.csproj", "{D0742480-6994-E274-8C31-762213A9B8F9}"
EndProject
Project("{A822D7C9-1545-2D9C-6AFD-8C58491AE8C1}") = "Leapman", "Assembly-CSharp-Editor.csproj", "{F10CA0CA-D239-4D06-00BA-9CC6B94A4AC2}"
EndProject
Global
	GlobalSection(SolutionConfigurationPlatforms) = preSolution
		Debug|Any CPU = Debug|Any CPU
		Release|Any CPU = Release|Any CPU
	EndGlobalSection
	GlobalSection(ProjectConfigurationPlatforms) = postSolution
		{66FC614C-0D09-6CDE-536C-D69D4E5743A8}.Debug|Any CPU.ActiveCfg = Debug|Any CPU
		{66FC614C-0D09-6CDE-536C-D69D4E5743A8}.Debug|Any CPU.Build.0 = Debug|Any CPU
		{66FC614C-0D09-6CDE-536C-D69D4E5743A8}.Release|Any CPU.ActiveCfg = Release|Any CPU
		{66FC614C-0D09-6CDE-536C-D69D4E5743A8}.Release|Any CPU.Build.0 = Release|Any CPU
		{D0742480-6994-E274-8C31-762213A9B8F9}.Debug|Any CPU.ActiveCfg = Debug|Any CPU
		{D0742480-6994-E274-8C31-762213A9B8F9}.Debug|Any CPU.Build.0 = Debug|Any CPU
		{D0742480-6994-E274-8C31-762213A9B8F9}.Release|Any CPU.ActiveCfg = Release|Any CPU
		{D0742480-6994-E274-8C31-762213A9B8F9}.Release|Any CPU.Build.0 = Release|Any CPU
		{F10CA0CA-D239-4D06-00BA-9CC6B94A4AC2}.Debug|Any CPU.ActiveCfg = Debug|Any CPU
		{F10CA0CA-D239-4D06-00BA-9CC6B94A4AC2}.Debug|Any CPU.Build.0 = Debug|Any CPU
		{F10CA0CA-D239-4D06-00BA-9CC6B94A4AC2}.Release|Any CPU.ActiveCfg = Release|Any CPU
		{F10CA0CA-D239-4D06-00BA-9CC6B94A4AC2}.Release|Any CPU.Build.0 = Release|Any CPU
	EndGlobalSection
	GlobalSection(SolutionProperties) = preSolution
		HideSolutionNode = FALSE
	EndGlobalSection
	GlobalSection(MonoDevelopProperties) = preSolution
		StartupItem = Assembly-CSharp.csproj
	EndGlobalSection
EndGlobal
